{
  "version": 4,
  "terraform_version": "0.14.3",
  "serial": 54,
  "lineage": "763e3da3-ee13-137b-e997-578aa95d9f54",
  "outputs": {},
  "resources": [
    {
      "mode": "data",
      "type": "aws_caller_identity",
      "name": "current",
      "provider": "provider[\"registry.terraform.io/hashicorp/aws\"]",
      "instances": [
        {
          "schema_version": 0,
          "attributes": {
            "account_id": "089451748452",
            "arn": "arn:aws:iam::089451748452:user/rodrigo.mafra.user",
            "id": "089451748452",
            "user_id": "AIDARJU55LRSL3QU6OZKD"
          },
          "sensitive_attributes": []
        }
      ]
    },
    {
      "module": "module.bookings",
      "mode": "managed",
      "type": "aws_dynamodb_table",
      "name": "bookings",
      "provider": "provider[\"registry.terraform.io/hashicorp/aws\"]",
      "instances": [
        {
          "schema_version": 1,
          "attributes": {
            "arn": "arn:aws:dynamodb:us-east-1:089451748452:table/prod-bookings",
            "attribute": [
              {
                "name": "id",
                "type": "S"
              }
            ],
            "billing_mode": "PROVISIONED",
            "global_secondary_index": [],
            "hash_key": "id",
            "id": "prod-bookings",
            "local_secondary_index": [],
            "name": "prod-bookings",
            "point_in_time_recovery": [
              {
                "enabled": false
              }
            ],
            "range_key": null,
            "read_capacity": 10,
            "replica": [],
            "server_side_encryption": [],
            "stream_arn": "arn:aws:dynamodb:us-east-1:089451748452:table/prod-bookings/stream/2021-02-21T21:25:39.458",
            "stream_enabled": true,
            "stream_label": "2021-02-21T21:25:39.458",
            "stream_view_type": "NEW_IMAGE",
            "tags": null,
            "timeouts": null,
            "ttl": [
              {
                "attribute_name": "",
                "enabled": false
              }
            ],
            "write_capacity": 10
          },
          "sensitive_attributes": [],
          "private": "eyJlMmJmYjczMC1lY2FhLTExZTYtOGY4OC0zNDM2M2JjN2M0YzAiOnsiY3JlYXRlIjo2MDAwMDAwMDAwMDAsImRlbGV0ZSI6NjAwMDAwMDAwMDAwLCJ1cGRhdGUiOjM2MDAwMDAwMDAwMDB9LCJzY2hlbWFfdmVyc2lvbiI6IjEifQ=="
        }
      ]
    },
    {
      "module": "module.bookings",
      "mode": "managed",
      "type": "aws_iam_policy",
      "name": "bookings_stream_consumer_policy",
      "provider": "provider[\"registry.terraform.io/hashicorp/aws\"]",
      "instances": [
        {
          "schema_version": 0,
          "attributes": {
            "arn": "arn:aws:iam::089451748452:policy/prod-bookings-stream-consumer-policy",
            "description": "",
            "id": "arn:aws:iam::089451748452:policy/prod-bookings-stream-consumer-policy",
            "name": "prod-bookings-stream-consumer-policy",
            "name_prefix": null,
            "path": "/",
            "policy": "{\r\n\"Version\": \"2012-10-17\",\r\n\"Statement\": [\r\n    {\r\n    \"Action\": [\r\n        \"dynamodb:DescribeStream\",\"dynamodb:GetRecords\",\"dynamodb:GetShardIterator\",\"dynamodb:ListStreams\"\r\n    ],\r\n    \"Effect\": \"Allow\",\r\n    \"Resource\": \"arn:aws:dynamodb:us-east-1:089451748452:table/prod-bookings/stream/2021-02-21T21:25:39.458\"\r\n    },\r\n    {\r\n        \"Effect\": \"Allow\",\r\n        \"Action\": [\r\n            \"logs:CreateLogGroup\",\r\n            \"logs:CreateLogStream\",\r\n            \"logs:PutLogEvents\"\r\n        ],\r\n        \"Resource\": \"*\"\r\n    }\r\n     \r\n    , {\r\n        \"Effect\": \"Allow\",\r\n        \"Action\": [\r\n            \"sns:Publish\"\r\n        ],\r\n        \"Resource\": \"arn:aws:sns:us-east-1:089451748452:prod-notifications\"\r\n    }\r\n    \r\n]\r\n}"
          },
          "sensitive_attributes": [],
          "private": "bnVsbA==",
          "dependencies": [
            "module.bookings.aws_dynamodb_table.bookings",
            "module.notifications.aws_sns_topic.notifications"
          ]
        }
      ]
    },
    {
      "module": "module.bookings",
      "mode": "managed",
      "type": "aws_iam_policy",
      "name": "create_booking_policy",
      "provider": "provider[\"registry.terraform.io/hashicorp/aws\"]",
      "instances": [
        {
          "schema_version": 0,
          "attributes": {
            "arn": "arn:aws:iam::089451748452:policy/prod-create-booking-policy",
            "description": "",
            "id": "arn:aws:iam::089451748452:policy/prod-create-booking-policy",
            "name": "prod-create-booking-policy",
            "name_prefix": null,
            "path": "/",
            "policy": "{\r\n\"Version\": \"2012-10-17\",\r\n\"Statement\": [\r\n    {\r\n    \"Action\": [\r\n        \"dynamodb:putItem\"\r\n    ],\r\n    \"Effect\": \"Allow\",\r\n    \"Resource\": \"arn:aws:dynamodb:us-east-1:089451748452:table/prod-bookings\"\r\n    },\r\n    {\r\n        \"Effect\": \"Allow\",\r\n        \"Action\": [\r\n            \"logs:CreateLogGroup\",\r\n            \"logs:CreateLogStream\",\r\n            \"logs:PutLogEvents\"\r\n        ],\r\n        \"Resource\": \"*\"\r\n    }\r\n    \r\n]\r\n}"
          },
          "sensitive_attributes": [],
          "private": "bnVsbA==",
          "dependencies": [
            "module.bookings.aws_dynamodb_table.bookings"
          ]
        }
      ]
    },
    {
      "module": "module.bookings",
      "mode": "managed",
      "type": "aws_iam_policy",
      "name": "list_bookings_policy",
      "provider": "provider[\"registry.terraform.io/hashicorp/aws\"]",
      "instances": [
        {
          "schema_version": 0,
          "attributes": {
            "arn": "arn:aws:iam::089451748452:policy/prod-list-bookings-policy",
            "description": "",
            "id": "arn:aws:iam::089451748452:policy/prod-list-bookings-policy",
            "name": "prod-list-bookings-policy",
            "name_prefix": null,
            "path": "/",
            "policy": "{\r\n\"Version\": \"2012-10-17\",\r\n\"Statement\": [\r\n    {\r\n    \"Action\": [\r\n        \"dynamodb:Scan\"\r\n    ],\r\n    \"Effect\": \"Allow\",\r\n    \"Resource\": \"arn:aws:dynamodb:us-east-1:089451748452:table/prod-bookings\"\r\n    },\r\n    {\r\n        \"Effect\": \"Allow\",\r\n        \"Action\": [\r\n            \"logs:CreateLogGroup\",\r\n            \"logs:CreateLogStream\",\r\n            \"logs:PutLogEvents\"\r\n        ],\r\n        \"Resource\": \"*\"\r\n    }\r\n    \r\n]\r\n}"
          },
          "sensitive_attributes": [],
          "private": "bnVsbA==",
          "dependencies": [
            "module.bookings.aws_dynamodb_table.bookings"
          ]
        }
      ]
    },
    {
      "module": "module.bookings",
      "mode": "managed",
      "type": "aws_iam_policy_attachment",
      "name": "bookings-stream-consumer-policy-attachment",
      "provider": "provider[\"registry.terraform.io/hashicorp/aws\"]",
      "instances": [
        {
          "schema_version": 0,
          "attributes": {
            "groups": null,
            "id": "prod-bookings-stream-consumer-attachment",
            "name": "prod-bookings-stream-consumer-attachment",
            "policy_arn": "arn:aws:iam::089451748452:policy/prod-bookings-stream-consumer-policy",
            "roles": [
              "prod-list-bookings-stream-consumer-iam-role"
            ],
            "users": null
          },
          "sensitive_attributes": [],
          "private": "bnVsbA==",
          "dependencies": [
            "module.bookings.aws_dynamodb_table.bookings",
            "module.bookings.aws_iam_policy.bookings_stream_consumer_policy",
            "module.bookings.aws_iam_role.bookings_stream_consumer_iam_role",
            "module.notifications.aws_sns_topic.notifications"
          ]
        }
      ]
    },
    {
      "module": "module.bookings",
      "mode": "managed",
      "type": "aws_iam_policy_attachment",
      "name": "create-booking-policy-attachment",
      "provider": "provider[\"registry.terraform.io/hashicorp/aws\"]",
      "instances": [
        {
          "schema_version": 0,
          "attributes": {
            "groups": null,
            "id": "prod-create-booking-attachment",
            "name": "prod-create-booking-attachment",
            "policy_arn": "arn:aws:iam::089451748452:policy/prod-create-booking-policy",
            "roles": [
              "prod-create-booking-iam-role"
            ],
            "users": null
          },
          "sensitive_attributes": [],
          "private": "bnVsbA==",
          "dependencies": [
            "module.bookings.aws_dynamodb_table.bookings",
            "module.bookings.aws_iam_policy.create_booking_policy",
            "module.bookings.aws_iam_role.create_booking_iam_role"
          ]
        }
      ]
    },
    {
      "module": "module.bookings",
      "mode": "managed",
      "type": "aws_iam_policy_attachment",
      "name": "list-bookings-policy-attachment",
      "provider": "provider[\"registry.terraform.io/hashicorp/aws\"]",
      "instances": [
        {
          "schema_version": 0,
          "attributes": {
            "groups": null,
            "id": "prod-list-bookings-attachment",
            "name": "prod-list-bookings-attachment",
            "policy_arn": "arn:aws:iam::089451748452:policy/prod-list-bookings-policy",
            "roles": [
              "prod-list-bookings-iam-role"
            ],
            "users": null
          },
          "sensitive_attributes": [],
          "private": "bnVsbA==",
          "dependencies": [
            "module.bookings.aws_dynamodb_table.bookings",
            "module.bookings.aws_iam_policy.list_bookings_policy",
            "module.bookings.aws_iam_role.list_bookings_iam_role"
          ]
        }
      ]
    },
    {
      "module": "module.bookings",
      "mode": "managed",
      "type": "aws_iam_role",
      "name": "bookings_stream_consumer_iam_role",
      "provider": "provider[\"registry.terraform.io/hashicorp/aws\"]",
      "instances": [
        {
          "schema_version": 0,
          "attributes": {
            "arn": "arn:aws:iam::089451748452:role/prod-list-bookings-stream-consumer-iam-role",
            "assume_role_policy": "{\"Version\":\"2012-10-17\",\"Statement\":[{\"Sid\":\"\",\"Effect\":\"Allow\",\"Principal\":{\"Service\":\"lambda.amazonaws.com\"},\"Action\":\"sts:AssumeRole\"}]}",
            "create_date": "2021-02-21T21:25:38Z",
            "description": "",
            "force_detach_policies": false,
            "id": "prod-list-bookings-stream-consumer-iam-role",
            "max_session_duration": 3600,
            "name": "prod-list-bookings-stream-consumer-iam-role",
            "name_prefix": null,
            "path": "/",
            "permissions_boundary": null,
            "tags": null,
            "unique_id": "AROARJU55LRSANXB7FV74"
          },
          "sensitive_attributes": [],
          "private": "bnVsbA=="
        }
      ]
    },
    {
      "module": "module.bookings",
      "mode": "managed",
      "type": "aws_iam_role",
      "name": "create_booking_iam_role",
      "provider": "provider[\"registry.terraform.io/hashicorp/aws\"]",
      "instances": [
        {
          "schema_version": 0,
          "attributes": {
            "arn": "arn:aws:iam::089451748452:role/prod-create-booking-iam-role",
            "assume_role_policy": "{\"Version\":\"2012-10-17\",\"Statement\":[{\"Sid\":\"\",\"Effect\":\"Allow\",\"Principal\":{\"Service\":\"lambda.amazonaws.com\"},\"Action\":\"sts:AssumeRole\"}]}",
            "create_date": "2021-02-21T21:25:36Z",
            "description": "",
            "force_detach_policies": false,
            "id": "prod-create-booking-iam-role",
            "max_session_duration": 3600,
            "name": "prod-create-booking-iam-role",
            "name_prefix": null,
            "path": "/",
            "permissions_boundary": null,
            "tags": null,
            "unique_id": "AROARJU55LRSEDVPBMV4A"
          },
          "sensitive_attributes": [],
          "private": "bnVsbA=="
        }
      ]
    },
    {
      "module": "module.bookings",
      "mode": "managed",
      "type": "aws_iam_role",
      "name": "list_bookings_iam_role",
      "provider": "provider[\"registry.terraform.io/hashicorp/aws\"]",
      "instances": [
        {
          "schema_version": 0,
          "attributes": {
            "arn": "arn:aws:iam::089451748452:role/prod-list-bookings-iam-role",
            "assume_role_policy": "{\"Version\":\"2012-10-17\",\"Statement\":[{\"Sid\":\"\",\"Effect\":\"Allow\",\"Principal\":{\"Service\":\"lambda.amazonaws.com\"},\"Action\":\"sts:AssumeRole\"}]}",
            "create_date": "2021-02-21T21:25:36Z",
            "description": "",
            "force_detach_policies": false,
            "id": "prod-list-bookings-iam-role",
            "max_session_duration": 3600,
            "name": "prod-list-bookings-iam-role",
            "name_prefix": null,
            "path": "/",
            "permissions_boundary": null,
            "tags": null,
            "unique_id": "AROARJU55LRSL4XCZIEE5"
          },
          "sensitive_attributes": [],
          "private": "bnVsbA=="
        }
      ]
    },
    {
      "module": "module.bookings",
      "mode": "managed",
      "type": "aws_ssm_parameter",
      "name": "bookings_stream_consumer_iam_role",
      "provider": "provider[\"registry.terraform.io/hashicorp/aws\"]",
      "instances": [
        {
          "schema_version": 0,
          "attributes": {
            "allowed_pattern": "",
            "arn": "arn:aws:ssm:us-east-1:089451748452:parameter/prod-bookings-stream-consumer-iam-role",
            "data_type": "text",
            "description": "",
            "id": "prod-bookings-stream-consumer-iam-role",
            "key_id": "",
            "name": "prod-bookings-stream-consumer-iam-role",
            "overwrite": true,
            "tags": null,
            "tier": "Standard",
            "type": "String",
            "value": "arn:aws:iam::089451748452:role/prod-list-bookings-stream-consumer-iam-role",
            "version": 1
          },
          "sensitive_attributes": [],
          "private": "bnVsbA==",
          "dependencies": [
            "module.bookings.aws_iam_role.bookings_stream_consumer_iam_role"
          ]
        }
      ]
    },
    {
      "module": "module.bookings",
      "mode": "managed",
      "type": "aws_ssm_parameter",
      "name": "create_booking_iam_role",
      "provider": "provider[\"registry.terraform.io/hashicorp/aws\"]",
      "instances": [
        {
          "schema_version": 0,
          "attributes": {
            "allowed_pattern": "",
            "arn": "arn:aws:ssm:us-east-1:089451748452:parameter/prod-create-booking-iam-role",
            "data_type": "text",
            "description": "",
            "id": "prod-create-booking-iam-role",
            "key_id": "",
            "name": "prod-create-booking-iam-role",
            "overwrite": true,
            "tags": null,
            "tier": "Standard",
            "type": "String",
            "value": "arn:aws:iam::089451748452:role/prod-create-booking-iam-role",
            "version": 1
          },
          "sensitive_attributes": [],
          "private": "bnVsbA==",
          "dependencies": [
            "module.bookings.aws_iam_role.create_booking_iam_role"
          ]
        }
      ]
    },
    {
      "module": "module.bookings",
      "mode": "managed",
      "type": "aws_ssm_parameter",
      "name": "dynamodb-bookings-stream",
      "provider": "provider[\"registry.terraform.io/hashicorp/aws\"]",
      "instances": [
        {
          "schema_version": 0,
          "attributes": {
            "allowed_pattern": "",
            "arn": "arn:aws:ssm:us-east-1:089451748452:parameter/prod-dynamodb-bookings-stream",
            "data_type": "text",
            "description": "",
            "id": "prod-dynamodb-bookings-stream",
            "key_id": "",
            "name": "prod-dynamodb-bookings-stream",
            "overwrite": null,
            "tags": null,
            "tier": "Standard",
            "type": "String",
            "value": "arn:aws:dynamodb:us-east-1:089451748452:table/prod-bookings/stream/2021-02-21T21:25:39.458",
            "version": 1
          },
          "sensitive_attributes": [],
          "private": "bnVsbA==",
          "dependencies": [
            "module.bookings.aws_dynamodb_table.bookings"
          ]
        }
      ]
    },
    {
      "module": "module.bookings",
      "mode": "managed",
      "type": "aws_ssm_parameter",
      "name": "dynamodb-bookings-table",
      "provider": "provider[\"registry.terraform.io/hashicorp/aws\"]",
      "instances": [
        {
          "schema_version": 0,
          "attributes": {
            "allowed_pattern": "",
            "arn": "arn:aws:ssm:us-east-1:089451748452:parameter/prod-dynamodb-bookings-table",
            "data_type": "text",
            "description": "",
            "id": "prod-dynamodb-bookings-table",
            "key_id": "",
            "name": "prod-dynamodb-bookings-table",
            "overwrite": null,
            "tags": null,
            "tier": "Standard",
            "type": "String",
            "value": "prod-bookings",
            "version": 1
          },
          "sensitive_attributes": [],
          "private": "bnVsbA==",
          "dependencies": [
            "module.bookings.aws_dynamodb_table.bookings"
          ]
        }
      ]
    },
    {
      "module": "module.bookings",
      "mode": "managed",
      "type": "aws_ssm_parameter",
      "name": "list_bookings_iam_role",
      "provider": "provider[\"registry.terraform.io/hashicorp/aws\"]",
      "instances": [
        {
          "schema_version": 0,
          "attributes": {
            "allowed_pattern": "",
            "arn": "arn:aws:ssm:us-east-1:089451748452:parameter/prod-list-bookings-iam-role",
            "data_type": "text",
            "description": "",
            "id": "prod-list-bookings-iam-role",
            "key_id": "",
            "name": "prod-list-bookings-iam-role",
            "overwrite": true,
            "tags": null,
            "tier": "Standard",
            "type": "String",
            "value": "arn:aws:iam::089451748452:role/prod-list-bookings-iam-role",
            "version": 1
          },
          "sensitive_attributes": [],
          "private": "bnVsbA==",
          "dependencies": [
            "module.bookings.aws_iam_role.list_bookings_iam_role"
          ]
        }
      ]
    },
    {
      "module": "module.notifications",
      "mode": "managed",
      "type": "aws_iam_policy",
      "name": "email_policy",
      "provider": "provider[\"registry.terraform.io/hashicorp/aws\"]",
      "instances": [
        {
          "schema_version": 0,
          "attributes": {
            "arn": "arn:aws:iam::089451748452:policy/prod-email-policy",
            "description": "",
            "id": "arn:aws:iam::089451748452:policy/prod-email-policy",
            "name": "prod-email-policy",
            "name_prefix": null,
            "path": "/",
            "policy": "{\r\n\"Version\": \"2012-10-17\",\r\n\"Statement\": [\r\n    {\r\n    \"Action\": [\r\n        \"sqs:ReceiveMessage\",\"sqs:DeleteMessage\",\"sqs:GetQueueAttributes\"\r\n    ],\r\n    \"Effect\": \"Allow\",\r\n    \"Resource\": \"arn:aws:sqs:us-east-1:089451748452:prod-email-queue\"\r\n    },\r\n    {\r\n        \"Effect\": \"Allow\",\r\n        \"Action\": [\r\n            \"logs:CreateLogGroup\",\r\n            \"logs:CreateLogStream\",\r\n            \"logs:PutLogEvents\"\r\n        ],\r\n        \"Resource\": \"*\"\r\n    }\r\n]\r\n}"
          },
          "sensitive_attributes": [],
          "private": "bnVsbA==",
          "dependencies": [
            "data.aws_caller_identity.current",
            "module.notifications.aws_sns_topic.notifications",
            "module.notifications.aws_sqs_queue.email",
            "module.notifications.aws_sqs_queue.email_dlq"
          ]
        }
      ]
    },
    {
      "module": "module.notifications",
      "mode": "managed",
      "type": "aws_iam_policy",
      "name": "sms_policy",
      "provider": "provider[\"registry.terraform.io/hashicorp/aws\"]",
      "instances": [
        {
          "schema_version": 0,
          "attributes": {
            "arn": "arn:aws:iam::089451748452:policy/prod-sms-policy",
            "description": "",
            "id": "arn:aws:iam::089451748452:policy/prod-sms-policy",
            "name": "prod-sms-policy",
            "name_prefix": null,
            "path": "/",
            "policy": "{\r\n\"Version\": \"2012-10-17\",\r\n\"Statement\": [\r\n    {\r\n    \"Action\": [\r\n        \"sqs:ReceiveMessage\",\"sqs:DeleteMessage\",\"sqs:GetQueueAttributes\"\r\n    ],\r\n    \"Effect\": \"Allow\",\r\n    \"Resource\": \"arn:aws:sqs:us-east-1:089451748452:prod-sms-queue\"\r\n    },\r\n    {\r\n        \"Effect\": \"Allow\",\r\n        \"Action\": [\r\n            \"logs:CreateLogGroup\",\r\n            \"logs:CreateLogStream\",\r\n            \"logs:PutLogEvents\"\r\n        ],\r\n        \"Resource\": \"*\"\r\n    }\r\n]\r\n}"
          },
          "sensitive_attributes": [],
          "private": "bnVsbA==",
          "dependencies": [
            "data.aws_caller_identity.current",
            "module.notifications.aws_sns_topic.notifications",
            "module.notifications.aws_sqs_queue.sms",
            "module.notifications.aws_sqs_queue.sms_dlq"
          ]
        }
      ]
    },
    {
      "module": "module.notifications",
      "mode": "managed",
      "type": "aws_iam_policy_attachment",
      "name": "email-policy-attachment",
      "provider": "provider[\"registry.terraform.io/hashicorp/aws\"]",
      "instances": [
        {
          "schema_version": 0,
          "attributes": {
            "groups": null,
            "id": "prod-email-attachment",
            "name": "prod-email-attachment",
            "policy_arn": "arn:aws:iam::089451748452:policy/prod-email-policy",
            "roles": [
              "prod-email-iam-role"
            ],
            "users": null
          },
          "sensitive_attributes": [],
          "private": "bnVsbA==",
          "dependencies": [
            "data.aws_caller_identity.current",
            "module.notifications.aws_iam_policy.email_policy",
            "module.notifications.aws_iam_role.email_iam_role",
            "module.notifications.aws_sns_topic.notifications",
            "module.notifications.aws_sqs_queue.email",
            "module.notifications.aws_sqs_queue.email_dlq"
          ]
        }
      ]
    },
    {
      "module": "module.notifications",
      "mode": "managed",
      "type": "aws_iam_policy_attachment",
      "name": "sms-policy-attachment",
      "provider": "provider[\"registry.terraform.io/hashicorp/aws\"]",
      "instances": [
        {
          "schema_version": 0,
          "attributes": {
            "groups": null,
            "id": "prod-sms-attachment",
            "name": "prod-sms-attachment",
            "policy_arn": "arn:aws:iam::089451748452:policy/prod-sms-policy",
            "roles": [
              "prod-sms-iam-role"
            ],
            "users": null
          },
          "sensitive_attributes": [],
          "private": "bnVsbA==",
          "dependencies": [
            "data.aws_caller_identity.current",
            "module.notifications.aws_iam_policy.sms_policy",
            "module.notifications.aws_iam_role.sms_iam_role",
            "module.notifications.aws_sns_topic.notifications",
            "module.notifications.aws_sqs_queue.sms",
            "module.notifications.aws_sqs_queue.sms_dlq"
          ]
        }
      ]
    },
    {
      "module": "module.notifications",
      "mode": "managed",
      "type": "aws_iam_role",
      "name": "email_iam_role",
      "provider": "provider[\"registry.terraform.io/hashicorp/aws\"]",
      "instances": [
        {
          "schema_version": 0,
          "attributes": {
            "arn": "arn:aws:iam::089451748452:role/prod-email-iam-role",
            "assume_role_policy": "{\"Version\":\"2012-10-17\",\"Statement\":[{\"Sid\":\"\",\"Effect\":\"Allow\",\"Principal\":{\"Service\":\"lambda.amazonaws.com\"},\"Action\":\"sts:AssumeRole\"}]}",
            "create_date": "2021-02-21T21:25:39Z",
            "description": "",
            "force_detach_policies": false,
            "id": "prod-email-iam-role",
            "max_session_duration": 3600,
            "name": "prod-email-iam-role",
            "name_prefix": null,
            "path": "/",
            "permissions_boundary": null,
            "tags": null,
            "unique_id": "AROARJU55LRSICBLIDOEO"
          },
          "sensitive_attributes": [],
          "private": "bnVsbA=="
        }
      ]
    },
    {
      "module": "module.notifications",
      "mode": "managed",
      "type": "aws_iam_role",
      "name": "sms_iam_role",
      "provider": "provider[\"registry.terraform.io/hashicorp/aws\"]",
      "instances": [
        {
          "schema_version": 0,
          "attributes": {
            "arn": "arn:aws:iam::089451748452:role/prod-sms-iam-role",
            "assume_role_policy": "{\"Version\":\"2012-10-17\",\"Statement\":[{\"Sid\":\"\",\"Effect\":\"Allow\",\"Principal\":{\"Service\":\"lambda.amazonaws.com\"},\"Action\":\"sts:AssumeRole\"}]}",
            "create_date": "2021-02-21T21:25:36Z",
            "description": "",
            "force_detach_policies": false,
            "id": "prod-sms-iam-role",
            "max_session_duration": 3600,
            "name": "prod-sms-iam-role",
            "name_prefix": null,
            "path": "/",
            "permissions_boundary": null,
            "tags": null,
            "unique_id": "AROARJU55LRSC6MUXKSGL"
          },
          "sensitive_attributes": [],
          "private": "bnVsbA=="
        }
      ]
    },
    {
      "module": "module.notifications",
      "mode": "managed",
      "type": "aws_sns_topic",
      "name": "notifications",
      "provider": "provider[\"registry.terraform.io/hashicorp/aws\"]",
      "instances": [
        {
          "schema_version": 0,
          "attributes": {
            "application_failure_feedback_role_arn": "",
            "application_success_feedback_role_arn": "",
            "application_success_feedback_sample_rate": null,
            "arn": "arn:aws:sns:us-east-1:089451748452:prod-notifications",
            "delivery_policy": "",
            "display_name": "",
            "http_failure_feedback_role_arn": "",
            "http_success_feedback_role_arn": "",
            "http_success_feedback_sample_rate": null,
            "id": "arn:aws:sns:us-east-1:089451748452:prod-notifications",
            "kms_master_key_id": "",
            "lambda_failure_feedback_role_arn": "",
            "lambda_success_feedback_role_arn": "",
            "lambda_success_feedback_sample_rate": null,
            "name": "prod-notifications",
            "name_prefix": null,
            "policy": "{\"Version\":\"2008-10-17\",\"Id\":\"__default_policy_ID\",\"Statement\":[{\"Sid\":\"__default_statement_ID\",\"Effect\":\"Allow\",\"Principal\":{\"AWS\":\"*\"},\"Action\":[\"SNS:GetTopicAttributes\",\"SNS:SetTopicAttributes\",\"SNS:AddPermission\",\"SNS:RemovePermission\",\"SNS:DeleteTopic\",\"SNS:Subscribe\",\"SNS:ListSubscriptionsByTopic\",\"SNS:Publish\",\"SNS:Receive\"],\"Resource\":\"arn:aws:sns:us-east-1:089451748452:prod-notifications\",\"Condition\":{\"StringEquals\":{\"AWS:SourceOwner\":\"089451748452\"}}}]}",
            "sqs_failure_feedback_role_arn": "",
            "sqs_success_feedback_role_arn": "",
            "sqs_success_feedback_sample_rate": null,
            "tags": null
          },
          "sensitive_attributes": [],
          "private": "bnVsbA=="
        }
      ]
    },
    {
      "module": "module.notifications",
      "mode": "managed",
      "type": "aws_sns_topic_subscription",
      "name": "email_subscription",
      "provider": "provider[\"registry.terraform.io/hashicorp/aws\"]",
      "instances": [
        {
          "schema_version": 0,
          "attributes": {
            "arn": "arn:aws:sns:us-east-1:089451748452:prod-notifications:fe647517-19f6-448f-9d99-e860f3c6b744",
            "confirmation_timeout_in_minutes": 1,
            "delivery_policy": "",
            "endpoint": "arn:aws:sqs:us-east-1:089451748452:prod-email-queue",
            "endpoint_auto_confirms": false,
            "filter_policy": "",
            "id": "arn:aws:sns:us-east-1:089451748452:prod-notifications:fe647517-19f6-448f-9d99-e860f3c6b744",
            "protocol": "sqs",
            "raw_message_delivery": false,
            "redrive_policy": "",
            "topic_arn": "arn:aws:sns:us-east-1:089451748452:prod-notifications"
          },
          "sensitive_attributes": [],
          "private": "bnVsbA==",
          "dependencies": [
            "data.aws_caller_identity.current",
            "module.notifications.aws_sns_topic.notifications",
            "module.notifications.aws_sqs_queue.email",
            "module.notifications.aws_sqs_queue.email_dlq"
          ]
        }
      ]
    },
    {
      "module": "module.notifications",
      "mode": "managed",
      "type": "aws_sns_topic_subscription",
      "name": "sms_subscription",
      "provider": "provider[\"registry.terraform.io/hashicorp/aws\"]",
      "instances": [
        {
          "schema_version": 0,
          "attributes": {
            "arn": "arn:aws:sns:us-east-1:089451748452:prod-notifications:96fdb62d-b05e-4193-ace3-e8265f4c4f4e",
            "confirmation_timeout_in_minutes": 1,
            "delivery_policy": "",
            "endpoint": "arn:aws:sqs:us-east-1:089451748452:prod-sms-queue",
            "endpoint_auto_confirms": false,
            "filter_policy": "",
            "id": "arn:aws:sns:us-east-1:089451748452:prod-notifications:96fdb62d-b05e-4193-ace3-e8265f4c4f4e",
            "protocol": "sqs",
            "raw_message_delivery": false,
            "redrive_policy": "",
            "topic_arn": "arn:aws:sns:us-east-1:089451748452:prod-notifications"
          },
          "sensitive_attributes": [],
          "private": "bnVsbA==",
          "dependencies": [
            "data.aws_caller_identity.current",
            "module.notifications.aws_sns_topic.notifications",
            "module.notifications.aws_sqs_queue.sms",
            "module.notifications.aws_sqs_queue.sms_dlq"
          ]
        }
      ]
    },
    {
      "module": "module.notifications",
      "mode": "managed",
      "type": "aws_sqs_queue",
      "name": "email",
      "provider": "provider[\"registry.terraform.io/hashicorp/aws\"]",
      "instances": [
        {
          "schema_version": 0,
          "attributes": {
            "arn": "arn:aws:sqs:us-east-1:089451748452:prod-email-queue",
            "content_based_deduplication": false,
            "delay_seconds": 0,
            "fifo_queue": false,
            "id": "https://sqs.us-east-1.amazonaws.com/089451748452/prod-email-queue",
            "kms_data_key_reuse_period_seconds": 300,
            "kms_master_key_id": "",
            "max_message_size": 262144,
            "message_retention_seconds": 345600,
            "name": "prod-email-queue",
            "name_prefix": null,
            "policy": "{\"Version\":\"2012-10-17\",\"Statement\":[{\"Effect\":\"Allow\",\"Principal\":\"*\",\"Action\":\"sqs:SendMessage\",\"Resource\":\"arn:aws:sqs:us-east-1:089451748452:prod-email-queue\",\"Condition\":{\"ArnEquals\":{\"aws:SourceArn\":\"arn:aws:sns:us-east-1:089451748452:prod-notifications\"}}}]}",
            "receive_wait_time_seconds": 0,
            "redrive_policy": "{\"deadLetterTargetArn\":\"arn:aws:sqs:us-east-1:089451748452:prod-email-queue-dlq\",\"maxReceiveCount\":3}",
            "tags": null,
            "visibility_timeout_seconds": 30
          },
          "sensitive_attributes": [],
          "private": "bnVsbA==",
          "dependencies": [
            "data.aws_caller_identity.current",
            "module.notifications.aws_sns_topic.notifications",
            "module.notifications.aws_sqs_queue.email_dlq"
          ]
        }
      ]
    },
    {
      "module": "module.notifications",
      "mode": "managed",
      "type": "aws_sqs_queue",
      "name": "email_dlq",
      "provider": "provider[\"registry.terraform.io/hashicorp/aws\"]",
      "instances": [
        {
          "schema_version": 0,
          "attributes": {
            "arn": "arn:aws:sqs:us-east-1:089451748452:prod-email-queue-dlq",
            "content_based_deduplication": false,
            "delay_seconds": 0,
            "fifo_queue": false,
            "id": "https://sqs.us-east-1.amazonaws.com/089451748452/prod-email-queue-dlq",
            "kms_data_key_reuse_period_seconds": 300,
            "kms_master_key_id": "",
            "max_message_size": 262144,
            "message_retention_seconds": 345600,
            "name": "prod-email-queue-dlq",
            "name_prefix": null,
            "policy": "",
            "receive_wait_time_seconds": 0,
            "redrive_policy": "",
            "tags": null,
            "visibility_timeout_seconds": 30
          },
          "sensitive_attributes": [],
          "private": "bnVsbA=="
        }
      ]
    },
    {
      "module": "module.notifications",
      "mode": "managed",
      "type": "aws_sqs_queue",
      "name": "sms",
      "provider": "provider[\"registry.terraform.io/hashicorp/aws\"]",
      "instances": [
        {
          "schema_version": 0,
          "attributes": {
            "arn": "arn:aws:sqs:us-east-1:089451748452:prod-sms-queue",
            "content_based_deduplication": false,
            "delay_seconds": 0,
            "fifo_queue": false,
            "id": "https://sqs.us-east-1.amazonaws.com/089451748452/prod-sms-queue",
            "kms_data_key_reuse_period_seconds": 300,
            "kms_master_key_id": "",
            "max_message_size": 262144,
            "message_retention_seconds": 345600,
            "name": "prod-sms-queue",
            "name_prefix": null,
            "policy": "{\"Version\":\"2012-10-17\",\"Statement\":[{\"Effect\":\"Allow\",\"Principal\":\"*\",\"Action\":\"sqs:SendMessage\",\"Resource\":\"arn:aws:sqs:us-east-1:089451748452:prod-sms-queue\",\"Condition\":{\"ArnEquals\":{\"aws:SourceArn\":\"arn:aws:sns:us-east-1:089451748452:prod-notifications\"}}}]}",
            "receive_wait_time_seconds": 0,
            "redrive_policy": "{\"deadLetterTargetArn\":\"arn:aws:sqs:us-east-1:089451748452:prod-sms-queue-dlq\",\"maxReceiveCount\":3}",
            "tags": null,
            "visibility_timeout_seconds": 30
          },
          "sensitive_attributes": [],
          "private": "bnVsbA==",
          "dependencies": [
            "data.aws_caller_identity.current",
            "module.notifications.aws_sns_topic.notifications",
            "module.notifications.aws_sqs_queue.sms_dlq"
          ]
        }
      ]
    },
    {
      "module": "module.notifications",
      "mode": "managed",
      "type": "aws_sqs_queue",
      "name": "sms_dlq",
      "provider": "provider[\"registry.terraform.io/hashicorp/aws\"]",
      "instances": [
        {
          "schema_version": 0,
          "attributes": {
            "arn": "arn:aws:sqs:us-east-1:089451748452:prod-sms-queue-dlq",
            "content_based_deduplication": false,
            "delay_seconds": 0,
            "fifo_queue": false,
            "id": "https://sqs.us-east-1.amazonaws.com/089451748452/prod-sms-queue-dlq",
            "kms_data_key_reuse_period_seconds": 300,
            "kms_master_key_id": "",
            "max_message_size": 262144,
            "message_retention_seconds": 345600,
            "name": "prod-sms-queue-dlq",
            "name_prefix": null,
            "policy": "",
            "receive_wait_time_seconds": 0,
            "redrive_policy": "",
            "tags": null,
            "visibility_timeout_seconds": 30
          },
          "sensitive_attributes": [],
          "private": "bnVsbA=="
        }
      ]
    },
    {
      "module": "module.notifications",
      "mode": "managed",
      "type": "aws_ssm_parameter",
      "name": "email-sqs",
      "provider": "provider[\"registry.terraform.io/hashicorp/aws\"]",
      "instances": [
        {
          "schema_version": 0,
          "attributes": {
            "allowed_pattern": "",
            "arn": "arn:aws:ssm:us-east-1:089451748452:parameter/prod-email-sqs",
            "data_type": "text",
            "description": "",
            "id": "prod-email-sqs",
            "key_id": "",
            "name": "prod-email-sqs",
            "overwrite": null,
            "tags": null,
            "tier": "Standard",
            "type": "String",
            "value": "arn:aws:sqs:us-east-1:089451748452:prod-email-queue",
            "version": 1
          },
          "sensitive_attributes": [],
          "private": "bnVsbA==",
          "dependencies": [
            "data.aws_caller_identity.current",
            "module.notifications.aws_sns_topic.notifications",
            "module.notifications.aws_sqs_queue.email",
            "module.notifications.aws_sqs_queue.email_dlq"
          ]
        }
      ]
    },
    {
      "module": "module.notifications",
      "mode": "managed",
      "type": "aws_ssm_parameter",
      "name": "email_iam_role",
      "provider": "provider[\"registry.terraform.io/hashicorp/aws\"]",
      "instances": [
        {
          "schema_version": 0,
          "attributes": {
            "allowed_pattern": "",
            "arn": "arn:aws:ssm:us-east-1:089451748452:parameter/prod-email-iam-role",
            "data_type": "text",
            "description": "",
            "id": "prod-email-iam-role",
            "key_id": "",
            "name": "prod-email-iam-role",
            "overwrite": true,
            "tags": null,
            "tier": "Standard",
            "type": "String",
            "value": "arn:aws:iam::089451748452:role/prod-email-iam-role",
            "version": 1
          },
          "sensitive_attributes": [],
          "private": "bnVsbA==",
          "dependencies": [
            "module.notifications.aws_iam_role.email_iam_role"
          ]
        }
      ]
    },
    {
      "module": "module.notifications",
      "mode": "managed",
      "type": "aws_ssm_parameter",
      "name": "notifications_topic",
      "provider": "provider[\"registry.terraform.io/hashicorp/aws\"]",
      "instances": [
        {
          "schema_version": 0,
          "attributes": {
            "allowed_pattern": "",
            "arn": "arn:aws:ssm:us-east-1:089451748452:parameter/prod-notifications-topic",
            "data_type": "text",
            "description": "",
            "id": "prod-notifications-topic",
            "key_id": "",
            "name": "prod-notifications-topic",
            "overwrite": null,
            "tags": null,
            "tier": "Standard",
            "type": "String",
            "value": "arn:aws:sns:us-east-1:089451748452:prod-notifications",
            "version": 1
          },
          "sensitive_attributes": [],
          "private": "bnVsbA==",
          "dependencies": [
            "module.notifications.aws_sns_topic.notifications"
          ]
        }
      ]
    },
    {
      "module": "module.notifications",
      "mode": "managed",
      "type": "aws_ssm_parameter",
      "name": "sms-sqs",
      "provider": "provider[\"registry.terraform.io/hashicorp/aws\"]",
      "instances": [
        {
          "schema_version": 0,
          "attributes": {
            "allowed_pattern": "",
            "arn": "arn:aws:ssm:us-east-1:089451748452:parameter/prod-sms-sqs",
            "data_type": "text",
            "description": "",
            "id": "prod-sms-sqs",
            "key_id": "",
            "name": "prod-sms-sqs",
            "overwrite": null,
            "tags": null,
            "tier": "Standard",
            "type": "String",
            "value": "arn:aws:sqs:us-east-1:089451748452:prod-sms-queue",
            "version": 1
          },
          "sensitive_attributes": [],
          "private": "bnVsbA==",
          "dependencies": [
            "data.aws_caller_identity.current",
            "module.notifications.aws_sns_topic.notifications",
            "module.notifications.aws_sqs_queue.sms",
            "module.notifications.aws_sqs_queue.sms_dlq"
          ]
        }
      ]
    },
    {
      "module": "module.notifications",
      "mode": "managed",
      "type": "aws_ssm_parameter",
      "name": "sms_iam_role",
      "provider": "provider[\"registry.terraform.io/hashicorp/aws\"]",
      "instances": [
        {
          "schema_version": 0,
          "attributes": {
            "allowed_pattern": "",
            "arn": "arn:aws:ssm:us-east-1:089451748452:parameter/prod-sms-iam-role",
            "data_type": "text",
            "description": "",
            "id": "prod-sms-iam-role",
            "key_id": "",
            "name": "prod-sms-iam-role",
            "overwrite": true,
            "tags": null,
            "tier": "Standard",
            "type": "String",
            "value": "arn:aws:iam::089451748452:role/prod-sms-iam-role",
            "version": 1
          },
          "sensitive_attributes": [],
          "private": "bnVsbA==",
          "dependencies": [
            "module.notifications.aws_iam_role.sms_iam_role"
          ]
        }
      ]
    },
    {
      "module": "module.system",
      "mode": "managed",
      "type": "aws_ssm_parameter",
      "name": "email_from",
      "provider": "provider[\"registry.terraform.io/hashicorp/aws\"]",
      "instances": [
        {
          "schema_version": 0,
          "attributes": {
            "allowed_pattern": "",
            "arn": "arn:aws:ssm:us-east-1:089451748452:parameter/prod-email-from",
            "data_type": "text",
            "description": "",
            "id": "prod-email-from",
            "key_id": "",
            "name": "prod-email-from",
            "overwrite": null,
            "tags": null,
            "tier": "Standard",
            "type": "String",
            "value": "zdezoho1@zohomail.com",
            "version": 1
          },
          "sensitive_attributes": [],
          "private": "bnVsbA=="
        }
      ]
    },
    {
      "module": "module.system",
      "mode": "managed",
      "type": "aws_ssm_parameter",
      "name": "email_from_password",
      "provider": "provider[\"registry.terraform.io/hashicorp/aws\"]",
      "instances": [
        {
          "schema_version": 0,
          "attributes": {
            "allowed_pattern": "",
            "arn": "arn:aws:ssm:us-east-1:089451748452:parameter/prod-email-from-password",
            "data_type": "text",
            "description": "",
            "id": "prod-email-from-password",
            "key_id": "",
            "name": "prod-email-from-password",
            "overwrite": null,
            "tags": null,
            "tier": "Standard",
            "type": "String",
            "value": "RuEH3RfTWWhf",
            "version": 1
          },
          "sensitive_attributes": [],
          "private": "bnVsbA=="
        }
      ]
    },
    {
      "module": "module.system",
      "mode": "managed",
      "type": "aws_ssm_parameter",
      "name": "email_to",
      "provider": "provider[\"registry.terraform.io/hashicorp/aws\"]",
      "instances": [
        {
          "schema_version": 0,
          "attributes": {
            "allowed_pattern": "",
            "arn": "arn:aws:ssm:us-east-1:089451748452:parameter/prod-email-to",
            "data_type": "text",
            "description": "",
            "id": "prod-email-to",
            "key_id": "",
            "name": "prod-email-to",
            "overwrite": null,
            "tags": null,
            "tier": "Standard",
            "type": "String",
            "value": "rodrigomafra-@hotmail.com",
            "version": 1
          },
          "sensitive_attributes": [],
          "private": "bnVsbA=="
        }
      ]
    },
    {
      "module": "module.system",
      "mode": "managed",
      "type": "aws_ssm_parameter",
      "name": "message_bird_api_key",
      "provider": "provider[\"registry.terraform.io/hashicorp/aws\"]",
      "instances": [
        {
          "schema_version": 0,
          "attributes": {
            "allowed_pattern": "",
            "arn": "arn:aws:ssm:us-east-1:089451748452:parameter/prod-message-bird-api-key",
            "data_type": "text",
            "description": "",
            "id": "prod-message-bird-api-key",
            "key_id": "",
            "name": "prod-message-bird-api-key",
            "overwrite": null,
            "tags": null,
            "tier": "Standard",
            "type": "String",
            "value": "cqUecFMAJN3qgobHzQkVYeabh",
            "version": 1
          },
          "sensitive_attributes": [],
          "private": "bnVsbA=="
        }
      ]
    },
    {
      "module": "module.system",
      "mode": "managed",
      "type": "aws_ssm_parameter",
      "name": "sms_phone_from",
      "provider": "provider[\"registry.terraform.io/hashicorp/aws\"]",
      "instances": [
        {
          "schema_version": 0,
          "attributes": {
            "allowed_pattern": "",
            "arn": "arn:aws:ssm:us-east-1:089451748452:parameter/prod-sms-phone-from",
            "data_type": "text",
            "description": "",
            "id": "prod-sms-phone-from",
            "key_id": "",
            "name": "prod-sms-phone-from",
            "overwrite": null,
            "tags": null,
            "tier": "Standard",
            "type": "String",
            "value": "+5514981744452",
            "version": 1
          },
          "sensitive_attributes": [],
          "private": "bnVsbA=="
        }
      ]
    },
    {
      "module": "module.system",
      "mode": "managed",
      "type": "aws_ssm_parameter",
      "name": "sms_phone_to",
      "provider": "provider[\"registry.terraform.io/hashicorp/aws\"]",
      "instances": [
        {
          "schema_version": 0,
          "attributes": {
            "allowed_pattern": "",
            "arn": "arn:aws:ssm:us-east-1:089451748452:parameter/prod-sms-phone-to",
            "data_type": "text",
            "description": "",
            "id": "prod-sms-phone-to",
            "key_id": "",
            "name": "prod-sms-phone-to",
            "overwrite": null,
            "tags": null,
            "tier": "Standard",
            "type": "String",
            "value": "+5514981744452",
            "version": 1
          },
          "sensitive_attributes": [],
          "private": "bnVsbA=="
        }
      ]
    },
    {
      "module": "module.system",
      "mode": "managed",
      "type": "aws_ssm_parameter",
      "name": "smtp_server",
      "provider": "provider[\"registry.terraform.io/hashicorp/aws\"]",
      "instances": [
        {
          "schema_version": 0,
          "attributes": {
            "allowed_pattern": "",
            "arn": "arn:aws:ssm:us-east-1:089451748452:parameter/prod-smtp-server",
            "data_type": "text",
            "description": "",
            "id": "prod-smtp-server",
            "key_id": "",
            "name": "prod-smtp-server",
            "overwrite": null,
            "tags": null,
            "tier": "Standard",
            "type": "String",
            "value": "smtp.zoho.com",
            "version": 1
          },
          "sensitive_attributes": [],
          "private": "bnVsbA=="
        }
      ]
    },
    {
      "module": "module.users",
      "mode": "managed",
      "type": "aws_dynamodb_table",
      "name": "users",
      "provider": "provider[\"registry.terraform.io/hashicorp/aws\"]",
      "instances": [
        {
          "schema_version": 1,
          "attributes": {
            "arn": "arn:aws:dynamodb:us-east-1:089451748452:table/prod-users",
            "attribute": [
              {
                "name": "email",
                "type": "S"
              },
              {
                "name": "id",
                "type": "S"
              }
            ],
            "billing_mode": "PROVISIONED",
            "global_secondary_index": [
              {
                "hash_key": "email",
                "name": "prod-email-gsi",
                "non_key_attributes": [],
                "projection_type": "ALL",
                "range_key": "",
                "read_capacity": 10,
                "write_capacity": 10
              }
            ],
            "hash_key": "id",
            "id": "prod-users",
            "local_secondary_index": [],
            "name": "prod-users",
            "point_in_time_recovery": [
              {
                "enabled": false
              }
            ],
            "range_key": null,
            "read_capacity": 10,
            "replica": [],
            "server_side_encryption": [],
            "stream_arn": "",
            "stream_enabled": false,
            "stream_label": "",
            "stream_view_type": "",
            "tags": null,
            "timeouts": null,
            "ttl": [
              {
                "attribute_name": "",
                "enabled": false
              }
            ],
            "write_capacity": 10
          },
          "sensitive_attributes": [],
          "private": "eyJlMmJmYjczMC1lY2FhLTExZTYtOGY4OC0zNDM2M2JjN2M0YzAiOnsiY3JlYXRlIjo2MDAwMDAwMDAwMDAsImRlbGV0ZSI6NjAwMDAwMDAwMDAwLCJ1cGRhdGUiOjM2MDAwMDAwMDAwMDB9LCJzY2hlbWFfdmVyc2lvbiI6IjEifQ=="
        }
      ]
    },
    {
      "module": "module.users",
      "mode": "managed",
      "type": "aws_dynamodb_table_item",
      "name": "admin",
      "provider": "provider[\"registry.terraform.io/hashicorp/aws\"]",
      "instances": [
        {
          "schema_version": 0,
          "attributes": {
            "hash_key": "id",
            "id": "prod-users|id||b1263b9e-8c57-48b9-8b05-d3d3a5de9asd|",
            "item": "  {\r\n    \"id\": {\"S\": \"b1263b9e-8c57-48b9-8b05-d3d3a5de9asd\"},\r\n    \"email\": {\"S\": \"admin_prod@gmail.com\"},\r\n    \"role\": {\"S\": \"admin\"},\r\n    \"password\": {\"S\": \"$2y$12$h28.dynkFFzZopaxfpgB.u/9t44p4QkKXU8g4SKyz5d1csqC6X.bO\"},\r\n    \"name\": {\"S\": \"admin_prod\"}\r\n  }\r\n",
            "range_key": null,
            "table_name": "prod-users"
          },
          "sensitive_attributes": [],
          "private": "bnVsbA==",
          "dependencies": [
            "module.users.aws_dynamodb_table.users"
          ]
        }
      ]
    },
    {
      "module": "module.users",
      "mode": "managed",
      "type": "aws_iam_policy",
      "name": "login_policy",
      "provider": "provider[\"registry.terraform.io/hashicorp/aws\"]",
      "instances": [
        {
          "schema_version": 0,
          "attributes": {
            "arn": "arn:aws:iam::089451748452:policy/prod-login-policy",
            "description": "",
            "id": "arn:aws:iam::089451748452:policy/prod-login-policy",
            "name": "prod-login-policy",
            "name_prefix": null,
            "path": "/",
            "policy": "{\r\n\"Version\": \"2012-10-17\",\r\n\"Statement\": [\r\n    {\r\n    \"Action\": [\r\n        \"dynamodb:Query\"\r\n    ],\r\n    \"Effect\": \"Allow\",\r\n    \"Resource\": \"arn:aws:dynamodb:us-east-1:089451748452:table/prod-users/index/prod-email-gsi\"\r\n    },\r\n    {\r\n        \"Effect\": \"Allow\",\r\n        \"Action\": [\r\n            \"logs:CreateLogGroup\",\r\n            \"logs:CreateLogStream\",\r\n            \"logs:PutLogEvents\"\r\n        ],\r\n        \"Resource\": \"*\"\r\n    }\r\n]\r\n}"
          },
          "sensitive_attributes": [],
          "private": "bnVsbA==",
          "dependencies": [
            "module.users.aws_dynamodb_table.users"
          ]
        }
      ]
    },
    {
      "module": "module.users",
      "mode": "managed",
      "type": "aws_iam_policy",
      "name": "register_policy",
      "provider": "provider[\"registry.terraform.io/hashicorp/aws\"]",
      "instances": [
        {
          "schema_version": 0,
          "attributes": {
            "arn": "arn:aws:iam::089451748452:policy/prod-register-policy",
            "description": "",
            "id": "arn:aws:iam::089451748452:policy/prod-register-policy",
            "name": "prod-register-policy",
            "name_prefix": null,
            "path": "/",
            "policy": "{\r\n\"Version\": \"2012-10-17\",\r\n\"Statement\": [\r\n    {\r\n    \"Action\": [\r\n        \"dynamodb:putItem\"\r\n    ],\r\n    \"Effect\": \"Allow\",\r\n    \"Resource\": \"arn:aws:dynamodb:us-east-1:089451748452:table/prod-users\"\r\n    },\r\n    {\r\n        \"Effect\": \"Allow\",\r\n        \"Action\": [\r\n            \"logs:CreateLogGroup\",\r\n            \"logs:CreateLogStream\",\r\n            \"logs:PutLogEvents\"\r\n        ],\r\n        \"Resource\": \"*\"\r\n    }\r\n]\r\n}"
          },
          "sensitive_attributes": [],
          "private": "bnVsbA==",
          "dependencies": [
            "module.users.aws_dynamodb_table.users"
          ]
        }
      ]
    },
    {
      "module": "module.users",
      "mode": "managed",
      "type": "aws_iam_policy_attachment",
      "name": "login-policy-attachment",
      "provider": "provider[\"registry.terraform.io/hashicorp/aws\"]",
      "instances": [
        {
          "schema_version": 0,
          "attributes": {
            "groups": null,
            "id": "prod-login-attachment",
            "name": "prod-login-attachment",
            "policy_arn": "arn:aws:iam::089451748452:policy/prod-login-policy",
            "roles": [
              "prod-login-iam-role"
            ],
            "users": null
          },
          "sensitive_attributes": [],
          "private": "bnVsbA==",
          "dependencies": [
            "module.users.aws_dynamodb_table.users",
            "module.users.aws_iam_policy.login_policy",
            "module.users.aws_iam_role.login_iam_role"
          ]
        }
      ]
    },
    {
      "module": "module.users",
      "mode": "managed",
      "type": "aws_iam_policy_attachment",
      "name": "register-policy-attachment",
      "provider": "provider[\"registry.terraform.io/hashicorp/aws\"]",
      "instances": [
        {
          "schema_version": 0,
          "attributes": {
            "groups": null,
            "id": "prod-register-attachment",
            "name": "prod-register-attachment",
            "policy_arn": "arn:aws:iam::089451748452:policy/prod-register-policy",
            "roles": [
              "prod-register-iam-role"
            ],
            "users": null
          },
          "sensitive_attributes": [],
          "private": "bnVsbA==",
          "dependencies": [
            "module.users.aws_dynamodb_table.users",
            "module.users.aws_iam_policy.register_policy",
            "module.users.aws_iam_role.register_iam_role"
          ]
        }
      ]
    },
    {
      "module": "module.users",
      "mode": "managed",
      "type": "aws_iam_role",
      "name": "login_iam_role",
      "provider": "provider[\"registry.terraform.io/hashicorp/aws\"]",
      "instances": [
        {
          "schema_version": 0,
          "attributes": {
            "arn": "arn:aws:iam::089451748452:role/prod-login-iam-role",
            "assume_role_policy": "{\"Version\":\"2012-10-17\",\"Statement\":[{\"Sid\":\"\",\"Effect\":\"Allow\",\"Principal\":{\"Service\":\"lambda.amazonaws.com\"},\"Action\":\"sts:AssumeRole\"}]}",
            "create_date": "2021-02-21T21:25:38Z",
            "description": "",
            "force_detach_policies": false,
            "id": "prod-login-iam-role",
            "max_session_duration": 3600,
            "name": "prod-login-iam-role",
            "name_prefix": null,
            "path": "/",
            "permissions_boundary": null,
            "tags": null,
            "unique_id": "AROARJU55LRSGCJVCW7QP"
          },
          "sensitive_attributes": [],
          "private": "bnVsbA=="
        }
      ]
    },
    {
      "module": "module.users",
      "mode": "managed",
      "type": "aws_iam_role",
      "name": "register_iam_role",
      "provider": "provider[\"registry.terraform.io/hashicorp/aws\"]",
      "instances": [
        {
          "schema_version": 0,
          "attributes": {
            "arn": "arn:aws:iam::089451748452:role/prod-register-iam-role",
            "assume_role_policy": "{\"Version\":\"2012-10-17\",\"Statement\":[{\"Sid\":\"\",\"Effect\":\"Allow\",\"Principal\":{\"Service\":\"lambda.amazonaws.com\"},\"Action\":\"sts:AssumeRole\"}]}",
            "create_date": "2021-02-21T21:25:36Z",
            "description": "",
            "force_detach_policies": false,
            "id": "prod-register-iam-role",
            "max_session_duration": 3600,
            "name": "prod-register-iam-role",
            "name_prefix": null,
            "path": "/",
            "permissions_boundary": null,
            "tags": null,
            "unique_id": "AROARJU55LRSITQLCPPJN"
          },
          "sensitive_attributes": [],
          "private": "bnVsbA=="
        }
      ]
    },
    {
      "module": "module.users",
      "mode": "managed",
      "type": "aws_ssm_parameter",
      "name": "dynamodb-users-table",
      "provider": "provider[\"registry.terraform.io/hashicorp/aws\"]",
      "instances": [
        {
          "schema_version": 0,
          "attributes": {
            "allowed_pattern": "",
            "arn": "arn:aws:ssm:us-east-1:089451748452:parameter/prod-dynamodb-users-table",
            "data_type": "text",
            "description": "",
            "id": "prod-dynamodb-users-table",
            "key_id": "",
            "name": "prod-dynamodb-users-table",
            "overwrite": null,
            "tags": null,
            "tier": "Standard",
            "type": "String",
            "value": "prod-users",
            "version": 1
          },
          "sensitive_attributes": [],
          "private": "bnVsbA==",
          "dependencies": [
            "module.users.aws_dynamodb_table.users"
          ]
        }
      ]
    },
    {
      "module": "module.users",
      "mode": "managed",
      "type": "aws_ssm_parameter",
      "name": "email-gsi",
      "provider": "provider[\"registry.terraform.io/hashicorp/aws\"]",
      "instances": [
        {
          "schema_version": 0,
          "attributes": {
            "allowed_pattern": "",
            "arn": "arn:aws:ssm:us-east-1:089451748452:parameter/prod-email-gsi",
            "data_type": "text",
            "description": "",
            "id": "prod-email-gsi",
            "key_id": "",
            "name": "prod-email-gsi",
            "overwrite": null,
            "tags": null,
            "tier": "Standard",
            "type": "String",
            "value": "prod-email-gsi",
            "version": 1
          },
          "sensitive_attributes": [],
          "private": "bnVsbA=="
        }
      ]
    },
    {
      "module": "module.users",
      "mode": "managed",
      "type": "aws_ssm_parameter",
      "name": "jwt_secret",
      "provider": "provider[\"registry.terraform.io/hashicorp/aws\"]",
      "instances": [
        {
          "schema_version": 0,
          "attributes": {
            "allowed_pattern": "",
            "arn": "arn:aws:ssm:us-east-1:089451748452:parameter/prod-jwt-secret",
            "data_type": "text",
            "description": "",
            "id": "prod-jwt-secret",
            "key_id": "",
            "name": "prod-jwt-secret",
            "overwrite": null,
            "tags": null,
            "tier": "Standard",
            "type": "String",
            "value": "rp5ZW669dOW4ELGc/0xgNw==",
            "version": 1
          },
          "sensitive_attributes": [],
          "private": "bnVsbA=="
        }
      ]
    },
    {
      "module": "module.users",
      "mode": "managed",
      "type": "aws_ssm_parameter",
      "name": "login_iam_role",
      "provider": "provider[\"registry.terraform.io/hashicorp/aws\"]",
      "instances": [
        {
          "schema_version": 0,
          "attributes": {
            "allowed_pattern": "",
            "arn": "arn:aws:ssm:us-east-1:089451748452:parameter/prod-login-iam-role",
            "data_type": "text",
            "description": "",
            "id": "prod-login-iam-role",
            "key_id": "",
            "name": "prod-login-iam-role",
            "overwrite": null,
            "tags": null,
            "tier": "Standard",
            "type": "String",
            "value": "arn:aws:iam::089451748452:role/prod-login-iam-role",
            "version": 1
          },
          "sensitive_attributes": [],
          "private": "bnVsbA==",
          "dependencies": [
            "module.users.aws_iam_role.login_iam_role"
          ]
        }
      ]
    },
    {
      "module": "module.users",
      "mode": "managed",
      "type": "aws_ssm_parameter",
      "name": "register_iam_role",
      "provider": "provider[\"registry.terraform.io/hashicorp/aws\"]",
      "instances": [
        {
          "schema_version": 0,
          "attributes": {
            "allowed_pattern": "",
            "arn": "arn:aws:ssm:us-east-1:089451748452:parameter/prod-register-iam-role",
            "data_type": "text",
            "description": "",
            "id": "prod-register-iam-role",
            "key_id": "",
            "name": "prod-register-iam-role",
            "overwrite": null,
            "tags": null,
            "tier": "Standard",
            "type": "String",
            "value": "arn:aws:iam::089451748452:role/prod-register-iam-role",
            "version": 1
          },
          "sensitive_attributes": [],
          "private": "bnVsbA==",
          "dependencies": [
            "module.users.aws_iam_role.register_iam_role"
          ]
        }
      ]
    }
  ]
}
